
Microsoft Visual Studio Solution File, Format Version 12.00
# Visual Studio Version 17
VisualStudioVersion = 17.11.35312.102
MinimumVisualStudioVersion = 10.0.40219.1
Project("{2150E333-8FDC-42A3-9474-1A3956D46DE8}") = "samples", "samples", "{9CF6A12B-57A9-4B9E-9064-C79AFE8D44B9}"
EndProject
Project("{9A19103F-16F7-4668-BE54-9A1E7A4F7556}") = "Demo", "samples\Demo\Demo.csproj", "{072CDB23-6331-4147-BB89-E34F084B159F}"
EndProject
Project("{9A19103F-16F7-4668-BE54-9A1E7A4F7556}") = "Shoelace.Style", "src\Shoelace.Style\Shoelace.Style.csproj", "{7F122607-8ECE-4C67-89F2-4813E3085FD0}"
EndProject
Project("{2150E333-8FDC-42A3-9474-1A3956D46DE8}") = "src", "src", "{E30FD5AF-991D-4BE6-A57C-A55F8EF423B1}"
EndProject
Global
	GlobalSection(SolutionConfigurationPlatforms) = preSolution
		Debug|Any CPU = Debug|Any CPU
		Release|Any CPU = Release|Any CPU
	EndGlobalSection
	GlobalSection(ProjectConfigurationPlatforms) = postSolution
		{072CDB23-6331-4147-BB89-E34F084B159F}.Debug|Any CPU.ActiveCfg = Debug|Any CPU
		{072CDB23-6331-4147-BB89-E34F084B159F}.Debug|Any CPU.Build.0 = Debug|Any CPU
		{072CDB23-6331-4147-BB89-E34F084B159F}.Release|Any CPU.ActiveCfg = Release|Any CPU
		{072CDB23-6331-4147-BB89-E34F084B159F}.Release|Any CPU.Build.0 = Release|Any CPU
		{7F122607-8ECE-4C67-89F2-4813E3085FD0}.Debug|Any CPU.ActiveCfg = Debug|Any CPU
		{7F122607-8ECE-4C67-89F2-4813E3085FD0}.Debug|Any CPU.Build.0 = Debug|Any CPU
		{7F122607-8ECE-4C67-89F2-4813E3085FD0}.Release|Any CPU.ActiveCfg = Release|Any CPU
		{7F122607-8ECE-4C67-89F2-4813E3085FD0}.Release|Any CPU.Build.0 = Release|Any CPU
	EndGlobalSection
	GlobalSection(SolutionProperties) = preSolution
		HideSolutionNode = FALSE
	EndGlobalSection
	GlobalSection(NestedProjects) = preSolution
		{072CDB23-6331-4147-BB89-E34F084B159F} = {9CF6A12B-57A9-4B9E-9064-C79AFE8D44B9}
		{7F122607-8ECE-4C67-89F2-4813E3085FD0} = {E30FD5AF-991D-4BE6-A57C-A55F8EF423B1}
	EndGlobalSection
	GlobalSection(ExtensibilityGlobals) = postSolution
		SolutionGuid = {EC1A3CAC-9642-4AC6-B88D-48DCD848C281}
	EndGlobalSection
EndGlobal
